
Microsoft Visual Studio Solution File, Format Version 12.00
Project("{FAE04EC0-301F-11D3-BF4B-00C04F79EFBC}") = "Sourcelyzer", "src\Sourcelyzer\Sourcelyzer.csproj", "{A8CF594B-CA55-48C3-B1B8-1DEE00BF9980}"
EndProject
Project("{2150E333-8FDC-42A3-9474-1A3956D46DE8}") = "Solution Items", "Solution Items", "{73614021-A87B-4E5B-9868-D49959145A79}"
ProjectSection(SolutionItems) = preProject
	build.cake = build.cake
	build.sh = build.sh
	README.md = README.md
	build.ps1 = build.ps1
EndProjectSection
EndProject
Project("{2150E333-8FDC-42A3-9474-1A3956D46DE8}") = "tests", "tests", "{58F76BA2-9F07-4B7F-8999-0A0CEDB31A81}"
EndProject
Project("{2150E333-8FDC-42A3-9474-1A3956D46DE8}") = "analyzers", "analyzers", "{0E2D1969-592B-47E8-8FCD-D2EF73599448}"
EndProject
Project("{2150E333-8FDC-42A3-9474-1A3956D46DE8}") = "analyzers", "analyzers", "{DED861DF-C2A9-4754-90FE-B7D12805D6DB}"
EndProject
Project("{FAE04EC0-301F-11D3-BF4B-00C04F79EFBC}") = "Sourcelyzer.Analyzing.NuGet.Tests", "tests\Analyzers\Sourcelyzer.Analyzing.NuGet.Tests\Sourcelyzer.Analyzing.NuGet.Tests.csproj", "{82D10DED-51DB-4E00-BEE8-13D27BC9E142}"
EndProject
Project("{FAE04EC0-301F-11D3-BF4B-00C04F79EFBC}") = "Sourcelyzer.Analyzing.NuGet", "src\Analyzers\Sourcelyzer.Analyzing.NuGet\Sourcelyzer.Analyzing.NuGet.csproj", "{CA6A2D48-EBC7-4640-B1F3-FB30C8A0DD74}"
EndProject
Project("{2150E333-8FDC-42A3-9474-1A3956D46DE8}") = "examples", "examples", "{EFDC7CF7-281B-403A-81FF-C7F0FE046DC7}"
EndProject
Project("{FAE04EC0-301F-11D3-BF4B-00C04F79EFBC}") = "Example.NetCoreApp", "examples\Example.NetCoreApp\Example.NetCoreApp.csproj", "{4345A8B7-82FE-4C99-81DE-D478F373E520}"
EndProject
Project("{2150E333-8FDC-42A3-9474-1A3956D46DE8}") = "collectors", "collectors", "{662BA5F0-A126-4DD6-B78F-08309B2DA087}"
EndProject
Project("{FAE04EC0-301F-11D3-BF4B-00C04F79EFBC}") = "Sourcelyzer.GitHub", "src\Sourcelyzer.GitHub\Sourcelyzer.GitHub.csproj", "{534568DE-B139-4746-9E1A-D01455155706}"
EndProject
Project("{2150E333-8FDC-42A3-9474-1A3956D46DE8}") = "reporters", "reporters", "{22B09734-D2D2-4EBF-817E-EA829DF03492}"
EndProject
Project("{FAE04EC0-301F-11D3-BF4B-00C04F79EFBC}") = "Sourcelyzer.Reporting.File", "src\Reporters\Sourcelyzer.Reporting.File\Sourcelyzer.Reporting.File.csproj", "{DAF70FC7-3A41-451E-BACE-51E939D071D8}"
EndProject
Project("{FAE04EC0-301F-11D3-BF4B-00C04F79EFBC}") = "Sourcelyzer.Analyzing.Repository", "src\Analyzers\Sourcelyzer.Analyzing.Repository\Sourcelyzer.Analyzing.Repository.csproj", "{4CCFD22A-3642-4CAF-9CB6-006C44C1297D}"
EndProject
Global
	GlobalSection(SolutionConfigurationPlatforms) = preSolution
		Debug|Any CPU = Debug|Any CPU
		Release|Any CPU = Release|Any CPU
	EndGlobalSection
	GlobalSection(ProjectConfigurationPlatforms) = postSolution
		{A8CF594B-CA55-48C3-B1B8-1DEE00BF9980}.Debug|Any CPU.ActiveCfg = Debug|Any CPU
		{A8CF594B-CA55-48C3-B1B8-1DEE00BF9980}.Debug|Any CPU.Build.0 = Debug|Any CPU
		{A8CF594B-CA55-48C3-B1B8-1DEE00BF9980}.Release|Any CPU.ActiveCfg = Release|Any CPU
		{A8CF594B-CA55-48C3-B1B8-1DEE00BF9980}.Release|Any CPU.Build.0 = Release|Any CPU
		{82D10DED-51DB-4E00-BEE8-13D27BC9E142}.Debug|Any CPU.ActiveCfg = Debug|Any CPU
		{82D10DED-51DB-4E00-BEE8-13D27BC9E142}.Debug|Any CPU.Build.0 = Debug|Any CPU
		{82D10DED-51DB-4E00-BEE8-13D27BC9E142}.Release|Any CPU.ActiveCfg = Release|Any CPU
		{82D10DED-51DB-4E00-BEE8-13D27BC9E142}.Release|Any CPU.Build.0 = Release|Any CPU
		{CA6A2D48-EBC7-4640-B1F3-FB30C8A0DD74}.Debug|Any CPU.ActiveCfg = Debug|Any CPU
		{CA6A2D48-EBC7-4640-B1F3-FB30C8A0DD74}.Debug|Any CPU.Build.0 = Debug|Any CPU
		{CA6A2D48-EBC7-4640-B1F3-FB30C8A0DD74}.Release|Any CPU.ActiveCfg = Release|Any CPU
		{CA6A2D48-EBC7-4640-B1F3-FB30C8A0DD74}.Release|Any CPU.Build.0 = Release|Any CPU
		{4345A8B7-82FE-4C99-81DE-D478F373E520}.Debug|Any CPU.ActiveCfg = Debug|Any CPU
		{4345A8B7-82FE-4C99-81DE-D478F373E520}.Debug|Any CPU.Build.0 = Debug|Any CPU
		{4345A8B7-82FE-4C99-81DE-D478F373E520}.Release|Any CPU.ActiveCfg = Release|Any CPU
		{4345A8B7-82FE-4C99-81DE-D478F373E520}.Release|Any CPU.Build.0 = Release|Any CPU
		{534568DE-B139-4746-9E1A-D01455155706}.Debug|Any CPU.ActiveCfg = Debug|Any CPU
		{534568DE-B139-4746-9E1A-D01455155706}.Debug|Any CPU.Build.0 = Debug|Any CPU
		{534568DE-B139-4746-9E1A-D01455155706}.Release|Any CPU.ActiveCfg = Release|Any CPU
		{534568DE-B139-4746-9E1A-D01455155706}.Release|Any CPU.Build.0 = Release|Any CPU
		{DAF70FC7-3A41-451E-BACE-51E939D071D8}.Debug|Any CPU.ActiveCfg = Debug|Any CPU
		{DAF70FC7-3A41-451E-BACE-51E939D071D8}.Debug|Any CPU.Build.0 = Debug|Any CPU
		{DAF70FC7-3A41-451E-BACE-51E939D071D8}.Release|Any CPU.ActiveCfg = Release|Any CPU
		{DAF70FC7-3A41-451E-BACE-51E939D071D8}.Release|Any CPU.Build.0 = Release|Any CPU
		{4CCFD22A-3642-4CAF-9CB6-006C44C1297D}.Debug|Any CPU.ActiveCfg = Debug|Any CPU
		{4CCFD22A-3642-4CAF-9CB6-006C44C1297D}.Debug|Any CPU.Build.0 = Debug|Any CPU
		{4CCFD22A-3642-4CAF-9CB6-006C44C1297D}.Release|Any CPU.ActiveCfg = Release|Any CPU
		{4CCFD22A-3642-4CAF-9CB6-006C44C1297D}.Release|Any CPU.Build.0 = Release|Any CPU
	EndGlobalSection
	GlobalSection(NestedProjects) = preSolution
		{DED861DF-C2A9-4754-90FE-B7D12805D6DB} = {58F76BA2-9F07-4B7F-8999-0A0CEDB31A81}
		{82D10DED-51DB-4E00-BEE8-13D27BC9E142} = {DED861DF-C2A9-4754-90FE-B7D12805D6DB}
		{CA6A2D48-EBC7-4640-B1F3-FB30C8A0DD74} = {0E2D1969-592B-47E8-8FCD-D2EF73599448}
		{4345A8B7-82FE-4C99-81DE-D478F373E520} = {EFDC7CF7-281B-403A-81FF-C7F0FE046DC7}
		{DAF70FC7-3A41-451E-BACE-51E939D071D8} = {22B09734-D2D2-4EBF-817E-EA829DF03492}
		{4CCFD22A-3642-4CAF-9CB6-006C44C1297D} = {0E2D1969-592B-47E8-8FCD-D2EF73599448}
	EndGlobalSection
EndGlobal
